
Microsoft Visual Studio Solution File, Format Version 12.00
# Visual Studio Version 18
VisualStudioVersion = 18.1.11312.151 d18.0
MinimumVisualStudioVersion = 10.0.40219.1
Project("{FAE04EC0-301F-11D3-BF4B-00C04F79EFBC}") = "OpenAgent", "OpenAgent\OpenAgent.csproj", "{DCF5A93B-6E60-803B-48E2-2ACE44E4DC49}"
EndProject
Project("{FAE04EC0-301F-11D3-BF4B-00C04F79EFBC}") = "OpenAgent.Tests", "OpenAgent.Tests\OpenAgent.Tests.csproj", "{05BC1E0B-1028-B6A7-D6C8-4DB64EB06692}"
EndProject
Global
	GlobalSection(SolutionConfigurationPlatforms) = preSolution
		Debug|Any CPU = Debug|Any CPU
		Release|Any CPU = Release|Any CPU
	EndGlobalSection
	GlobalSection(ProjectConfigurationPlatforms) = postSolution
		{DCF5A93B-6E60-803B-48E2-2ACE44E4DC49}.Debug|Any CPU.ActiveCfg = Debug|Any CPU
		{DCF5A93B-6E60-803B-48E2-2ACE44E4DC49}.Debug|Any CPU.Build.0 = Debug|Any CPU
		{DCF5A93B-6E60-803B-48E2-2ACE44E4DC49}.Release|Any CPU.ActiveCfg = Release|Any CPU
		{DCF5A93B-6E60-803B-48E2-2ACE44E4DC49}.Release|Any CPU.Build.0 = Release|Any CPU
		{05BC1E0B-1028-B6A7-D6C8-4DB64EB06692}.Debug|Any CPU.ActiveCfg = Debug|Any CPU
		{05BC1E0B-1028-B6A7-D6C8-4DB64EB06692}.Debug|Any CPU.Build.0 = Debug|Any CPU
		{05BC1E0B-1028-B6A7-D6C8-4DB64EB06692}.Release|Any CPU.ActiveCfg = Release|Any CPU
		{05BC1E0B-1028-B6A7-D6C8-4DB64EB06692}.Release|Any CPU.Build.0 = Release|Any CPU
	EndGlobalSection
	GlobalSection(SolutionProperties) = preSolution
		HideSolutionNode = FALSE
	EndGlobalSection
	GlobalSection(ExtensibilityGlobals) = postSolution
		SolutionGuid = {88B4FFF2-7024-4361-A20E-44DF9CA67B1F}
	EndGlobalSection
EndGlobal
