
Microsoft Visual Studio Solution File, Format Version 12.00
# Visual Studio Version 18
VisualStudioVersion = 18.1.11312.151
MinimumVisualStudioVersion = 10.0.40219.1
Project("{FAE04EC0-301F-11D3-BF4B-00C04F79EFBC}") = "OpenAgent", "OpenAgent\OpenAgent.csproj", "{DCF5A93B-6E60-803B-48E2-2ACE44E4DC49}"
EndProject
Project("{FAE04EC0-301F-11D3-BF4B-00C04F79EFBC}") = "OpenAgent.Tests", "OpenAgent.Tests\OpenAgent.Tests.csproj", "{05BC1E0B-1028-B6A7-D6C8-4DB64EB06692}"
EndProject
Project("{FAE04EC0-301F-11D3-BF4B-00C04F79EFBC}") = "OpenAgent.Models", "OpenAgent.Models\OpenAgent.Models.csproj", "{A1B2C3D4-1111-2222-3333-444455556666}"
EndProject
Project("{FAE04EC0-301F-11D3-BF4B-00C04F79EFBC}") = "OpenAgent.Contracts", "OpenAgent.Contracts\OpenAgent.Contracts.csproj", "{A1B2C3D4-1111-2222-3333-444455557777}"
EndProject
Project("{2150E333-8FDC-42A3-9474-1A3956D46DE8}") = "Core", "Core", "{B0C80DBB-5C3C-473D-826A-94F2C64DF445}"
EndProject
Project("{2150E333-8FDC-42A3-9474-1A3956D46DE8}") = "Providers", "Providers", "{8C6A0E11-9D59-4BD4-B6CD-7ABFFA9B8C5C}"
EndProject
Project("{FAE04EC0-301F-11D3-BF4B-00C04F79EFBC}") = "OpenAgent.LlmVoice.OpenAIAzure", "OpenAgent.LlmVoice.OpenAIAzure\OpenAgent.LlmVoice.OpenAIAzure.csproj", "{CD9A831B-4D99-4835-8FEA-32DD21E1655D}"
EndProject
Project("{FAE04EC0-301F-11D3-BF4B-00C04F79EFBC}") = "OpenAgent.Api", "OpenAgent.Api\OpenAgent.Api.csproj", "{D9F8E34A-3872-DBF6-5D48-6B9544EB990E}"
EndProject
Project("{FAE04EC0-301F-11D3-BF4B-00C04F79EFBC}") = "OpenAgent.LlmText.OpenAIAzure", "OpenAgent.LlmText.OpenAIAzure\OpenAgent.LlmText.OpenAIAzure.csproj", "{6827F50E-BF2A-4F1B-B465-54A6A023E9D0}"
EndProject
Project("{FAE04EC0-301F-11D3-BF4B-00C04F79EFBC}") = "OpenAgent.ConfigStore.File", "OpenAgent.ConfigStore.File\OpenAgent.ConfigStore.File.csproj", "{58789D5C-1624-4FC2-AC1A-3E5F6566E0F6}"
EndProject
Project("{FAE04EC0-301F-11D3-BF4B-00C04F79EFBC}") = "OpenAgent.ConversationStore.Sqlite", "OpenAgent.ConversationStore.Sqlite\OpenAgent.ConversationStore.Sqlite.csproj", "{A4F0FECE-2AE9-439C-8A6E-1AD2324F749B}"
EndProject
Project("{FAE04EC0-301F-11D3-BF4B-00C04F79EFBC}") = "OpenAgent.Tools.FileSystem", "OpenAgent.Tools.FileSystem\OpenAgent.Tools.FileSystem.csproj", "{FB953EBD-3D61-485F-B49C-E323D95ADDCD}"
EndProject
Project("{2150E333-8FDC-42A3-9474-1A3956D46DE8}") = "Tools", "Tools", "{A940B223-3D3E-46D3-9996-B66E29F72470}"
EndProject
Project("{FAE04EC0-301F-11D3-BF4B-00C04F79EFBC}") = "OpenAgent.Tools.Shell", "OpenAgent.Tools.Shell\OpenAgent.Tools.Shell.csproj", "{5221F305-E032-4957-B9E5-7EBCC472B5C2}"
EndProject
Project("{2150E333-8FDC-42A3-9474-1A3956D46DE8}") = "Security", "Security", "{4FD5FBA0-2B6D-9AF0-80AB-924D53C1394D}"
EndProject
Project("{FAE04EC0-301F-11D3-BF4B-00C04F79EFBC}") = "OpenAgent.Security.ApiKey", "OpenAgent.Security.ApiKey\OpenAgent.Security.ApiKey.csproj", "{F84BA100-1282-4366-B2CA-16DA4A29A223}"
EndProject
Global
	GlobalSection(SolutionConfigurationPlatforms) = preSolution
		Debug|Any CPU = Debug|Any CPU
		Debug|x64 = Debug|x64
		Debug|x86 = Debug|x86
		Release|Any CPU = Release|Any CPU
		Release|x64 = Release|x64
		Release|x86 = Release|x86
	EndGlobalSection
	GlobalSection(ProjectConfigurationPlatforms) = postSolution
		{DCF5A93B-6E60-803B-48E2-2ACE44E4DC49}.Debug|Any CPU.ActiveCfg = Debug|Any CPU
		{DCF5A93B-6E60-803B-48E2-2ACE44E4DC49}.Debug|Any CPU.Build.0 = Debug|Any CPU
		{DCF5A93B-6E60-803B-48E2-2ACE44E4DC49}.Debug|x64.ActiveCfg = Debug|Any CPU
		{DCF5A93B-6E60-803B-48E2-2ACE44E4DC49}.Debug|x64.Build.0 = Debug|Any CPU
		{DCF5A93B-6E60-803B-48E2-2ACE44E4DC49}.Debug|x86.ActiveCfg = Debug|Any CPU
		{DCF5A93B-6E60-803B-48E2-2ACE44E4DC49}.Debug|x86.Build.0 = Debug|Any CPU
		{DCF5A93B-6E60-803B-48E2-2ACE44E4DC49}.Release|Any CPU.ActiveCfg = Release|Any CPU
		{DCF5A93B-6E60-803B-48E2-2ACE44E4DC49}.Release|Any CPU.Build.0 = Release|Any CPU
		{DCF5A93B-6E60-803B-48E2-2ACE44E4DC49}.Release|x64.ActiveCfg = Release|Any CPU
		{DCF5A93B-6E60-803B-48E2-2ACE44E4DC49}.Release|x64.Build.0 = Release|Any CPU
		{DCF5A93B-6E60-803B-48E2-2ACE44E4DC49}.Release|x86.ActiveCfg = Release|Any CPU
		{DCF5A93B-6E60-803B-48E2-2ACE44E4DC49}.Release|x86.Build.0 = Release|Any CPU
		{05BC1E0B-1028-B6A7-D6C8-4DB64EB06692}.Debug|Any CPU.ActiveCfg = Debug|Any CPU
		{05BC1E0B-1028-B6A7-D6C8-4DB64EB06692}.Debug|Any CPU.Build.0 = Debug|Any CPU
		{05BC1E0B-1028-B6A7-D6C8-4DB64EB06692}.Debug|x64.ActiveCfg = Debug|Any CPU
		{05BC1E0B-1028-B6A7-D6C8-4DB64EB06692}.Debug|x64.Build.0 = Debug|Any CPU
		{05BC1E0B-1028-B6A7-D6C8-4DB64EB06692}.Debug|x86.ActiveCfg = Debug|Any CPU
		{05BC1E0B-1028-B6A7-D6C8-4DB64EB06692}.Debug|x86.Build.0 = Debug|Any CPU
		{05BC1E0B-1028-B6A7-D6C8-4DB64EB06692}.Release|Any CPU.ActiveCfg = Release|Any CPU
		{05BC1E0B-1028-B6A7-D6C8-4DB64EB06692}.Release|Any CPU.Build.0 = Release|Any CPU
		{05BC1E0B-1028-B6A7-D6C8-4DB64EB06692}.Release|x64.ActiveCfg = Release|Any CPU
		{05BC1E0B-1028-B6A7-D6C8-4DB64EB06692}.Release|x64.Build.0 = Release|Any CPU
		{05BC1E0B-1028-B6A7-D6C8-4DB64EB06692}.Release|x86.ActiveCfg = Release|Any CPU
		{05BC1E0B-1028-B6A7-D6C8-4DB64EB06692}.Release|x86.Build.0 = Release|Any CPU
		{A1B2C3D4-1111-2222-3333-444455556666}.Debug|Any CPU.ActiveCfg = Debug|Any CPU
		{A1B2C3D4-1111-2222-3333-444455556666}.Debug|Any CPU.Build.0 = Debug|Any CPU
		{A1B2C3D4-1111-2222-3333-444455556666}.Debug|x64.ActiveCfg = Debug|Any CPU
		{A1B2C3D4-1111-2222-3333-444455556666}.Debug|x64.Build.0 = Debug|Any CPU
		{A1B2C3D4-1111-2222-3333-444455556666}.Debug|x86.ActiveCfg = Debug|Any CPU
		{A1B2C3D4-1111-2222-3333-444455556666}.Debug|x86.Build.0 = Debug|Any CPU
		{A1B2C3D4-1111-2222-3333-444455556666}.Release|Any CPU.ActiveCfg = Release|Any CPU
		{A1B2C3D4-1111-2222-3333-444455556666}.Release|Any CPU.Build.0 = Release|Any CPU
		{A1B2C3D4-1111-2222-3333-444455556666}.Release|x64.ActiveCfg = Release|Any CPU
		{A1B2C3D4-1111-2222-3333-444455556666}.Release|x64.Build.0 = Release|Any CPU
		{A1B2C3D4-1111-2222-3333-444455556666}.Release|x86.ActiveCfg = Release|Any CPU
		{A1B2C3D4-1111-2222-3333-444455556666}.Release|x86.Build.0 = Release|Any CPU
		{A1B2C3D4-1111-2222-3333-444455557777}.Debug|Any CPU.ActiveCfg = Debug|Any CPU
		{A1B2C3D4-1111-2222-3333-444455557777}.Debug|Any CPU.Build.0 = Debug|Any CPU
		{A1B2C3D4-1111-2222-3333-444455557777}.Debug|x64.ActiveCfg = Debug|Any CPU
		{A1B2C3D4-1111-2222-3333-444455557777}.Debug|x64.Build.0 = Debug|Any CPU
		{A1B2C3D4-1111-2222-3333-444455557777}.Debug|x86.ActiveCfg = Debug|Any CPU
		{A1B2C3D4-1111-2222-3333-444455557777}.Debug|x86.Build.0 = Debug|Any CPU
		{A1B2C3D4-1111-2222-3333-444455557777}.Release|Any CPU.ActiveCfg = Release|Any CPU
		{A1B2C3D4-1111-2222-3333-444455557777}.Release|Any CPU.Build.0 = Release|Any CPU
		{A1B2C3D4-1111-2222-3333-444455557777}.Release|x64.ActiveCfg = Release|Any CPU
		{A1B2C3D4-1111-2222-3333-444455557777}.Release|x64.Build.0 = Release|Any CPU
		{A1B2C3D4-1111-2222-3333-444455557777}.Release|x86.ActiveCfg = Release|Any CPU
		{A1B2C3D4-1111-2222-3333-444455557777}.Release|x86.Build.0 = Release|Any CPU
		{CD9A831B-4D99-4835-8FEA-32DD21E1655D}.Debug|Any CPU.ActiveCfg = Debug|Any CPU
		{CD9A831B-4D99-4835-8FEA-32DD21E1655D}.Debug|Any CPU.Build.0 = Debug|Any CPU
		{CD9A831B-4D99-4835-8FEA-32DD21E1655D}.Debug|x64.ActiveCfg = Debug|Any CPU
		{CD9A831B-4D99-4835-8FEA-32DD21E1655D}.Debug|x64.Build.0 = Debug|Any CPU
		{CD9A831B-4D99-4835-8FEA-32DD21E1655D}.Debug|x86.ActiveCfg = Debug|Any CPU
		{CD9A831B-4D99-4835-8FEA-32DD21E1655D}.Debug|x86.Build.0 = Debug|Any CPU
		{CD9A831B-4D99-4835-8FEA-32DD21E1655D}.Release|Any CPU.ActiveCfg = Release|Any CPU
		{CD9A831B-4D99-4835-8FEA-32DD21E1655D}.Release|Any CPU.Build.0 = Release|Any CPU
		{CD9A831B-4D99-4835-8FEA-32DD21E1655D}.Release|x64.ActiveCfg = Release|Any CPU
		{CD9A831B-4D99-4835-8FEA-32DD21E1655D}.Release|x64.Build.0 = Release|Any CPU
		{CD9A831B-4D99-4835-8FEA-32DD21E1655D}.Release|x86.ActiveCfg = Release|Any CPU
		{CD9A831B-4D99-4835-8FEA-32DD21E1655D}.Release|x86.Build.0 = Release|Any CPU
		{D9F8E34A-3872-DBF6-5D48-6B9544EB990E}.Debug|Any CPU.ActiveCfg = Debug|Any CPU
		{D9F8E34A-3872-DBF6-5D48-6B9544EB990E}.Debug|Any CPU.Build.0 = Debug|Any CPU
		{D9F8E34A-3872-DBF6-5D48-6B9544EB990E}.Debug|x64.ActiveCfg = Debug|Any CPU
		{D9F8E34A-3872-DBF6-5D48-6B9544EB990E}.Debug|x64.Build.0 = Debug|Any CPU
		{D9F8E34A-3872-DBF6-5D48-6B9544EB990E}.Debug|x86.ActiveCfg = Debug|Any CPU
		{D9F8E34A-3872-DBF6-5D48-6B9544EB990E}.Debug|x86.Build.0 = Debug|Any CPU
		{D9F8E34A-3872-DBF6-5D48-6B9544EB990E}.Release|Any CPU.ActiveCfg = Release|Any CPU
		{D9F8E34A-3872-DBF6-5D48-6B9544EB990E}.Release|Any CPU.Build.0 = Release|Any CPU
		{D9F8E34A-3872-DBF6-5D48-6B9544EB990E}.Release|x64.ActiveCfg = Release|Any CPU
		{D9F8E34A-3872-DBF6-5D48-6B9544EB990E}.Release|x64.Build.0 = Release|Any CPU
		{D9F8E34A-3872-DBF6-5D48-6B9544EB990E}.Release|x86.ActiveCfg = Release|Any CPU
		{D9F8E34A-3872-DBF6-5D48-6B9544EB990E}.Release|x86.Build.0 = Release|Any CPU
		{6827F50E-BF2A-4F1B-B465-54A6A023E9D0}.Debug|Any CPU.ActiveCfg = Debug|Any CPU
		{6827F50E-BF2A-4F1B-B465-54A6A023E9D0}.Debug|Any CPU.Build.0 = Debug|Any CPU
		{6827F50E-BF2A-4F1B-B465-54A6A023E9D0}.Debug|x64.ActiveCfg = Debug|Any CPU
		{6827F50E-BF2A-4F1B-B465-54A6A023E9D0}.Debug|x64.Build.0 = Debug|Any CPU
		{6827F50E-BF2A-4F1B-B465-54A6A023E9D0}.Debug|x86.ActiveCfg = Debug|Any CPU
		{6827F50E-BF2A-4F1B-B465-54A6A023E9D0}.Debug|x86.Build.0 = Debug|Any CPU
		{6827F50E-BF2A-4F1B-B465-54A6A023E9D0}.Release|Any CPU.ActiveCfg = Release|Any CPU
		{6827F50E-BF2A-4F1B-B465-54A6A023E9D0}.Release|Any CPU.Build.0 = Release|Any CPU
		{6827F50E-BF2A-4F1B-B465-54A6A023E9D0}.Release|x64.ActiveCfg = Release|Any CPU
		{6827F50E-BF2A-4F1B-B465-54A6A023E9D0}.Release|x64.Build.0 = Release|Any CPU
		{6827F50E-BF2A-4F1B-B465-54A6A023E9D0}.Release|x86.ActiveCfg = Release|Any CPU
		{6827F50E-BF2A-4F1B-B465-54A6A023E9D0}.Release|x86.Build.0 = Release|Any CPU
		{58789D5C-1624-4FC2-AC1A-3E5F6566E0F6}.Debug|Any CPU.ActiveCfg = Debug|Any CPU
		{58789D5C-1624-4FC2-AC1A-3E5F6566E0F6}.Debug|Any CPU.Build.0 = Debug|Any CPU
		{58789D5C-1624-4FC2-AC1A-3E5F6566E0F6}.Debug|x64.ActiveCfg = Debug|Any CPU
		{58789D5C-1624-4FC2-AC1A-3E5F6566E0F6}.Debug|x64.Build.0 = Debug|Any CPU
		{58789D5C-1624-4FC2-AC1A-3E5F6566E0F6}.Debug|x86.ActiveCfg = Debug|Any CPU
		{58789D5C-1624-4FC2-AC1A-3E5F6566E0F6}.Debug|x86.Build.0 = Debug|Any CPU
		{58789D5C-1624-4FC2-AC1A-3E5F6566E0F6}.Release|Any CPU.ActiveCfg = Release|Any CPU
		{58789D5C-1624-4FC2-AC1A-3E5F6566E0F6}.Release|Any CPU.Build.0 = Release|Any CPU
		{58789D5C-1624-4FC2-AC1A-3E5F6566E0F6}.Release|x64.ActiveCfg = Release|Any CPU
		{58789D5C-1624-4FC2-AC1A-3E5F6566E0F6}.Release|x64.Build.0 = Release|Any CPU
		{58789D5C-1624-4FC2-AC1A-3E5F6566E0F6}.Release|x86.ActiveCfg = Release|Any CPU
		{58789D5C-1624-4FC2-AC1A-3E5F6566E0F6}.Release|x86.Build.0 = Release|Any CPU
		{A4F0FECE-2AE9-439C-8A6E-1AD2324F749B}.Debug|Any CPU.ActiveCfg = Debug|Any CPU
		{A4F0FECE-2AE9-439C-8A6E-1AD2324F749B}.Debug|Any CPU.Build.0 = Debug|Any CPU
		{A4F0FECE-2AE9-439C-8A6E-1AD2324F749B}.Debug|x64.ActiveCfg = Debug|Any CPU
		{A4F0FECE-2AE9-439C-8A6E-1AD2324F749B}.Debug|x64.Build.0 = Debug|Any CPU
		{A4F0FECE-2AE9-439C-8A6E-1AD2324F749B}.Debug|x86.ActiveCfg = Debug|Any CPU
		{A4F0FECE-2AE9-439C-8A6E-1AD2324F749B}.Debug|x86.Build.0 = Debug|Any CPU
		{A4F0FECE-2AE9-439C-8A6E-1AD2324F749B}.Release|Any CPU.ActiveCfg = Release|Any CPU
		{A4F0FECE-2AE9-439C-8A6E-1AD2324F749B}.Release|Any CPU.Build.0 = Release|Any CPU
		{A4F0FECE-2AE9-439C-8A6E-1AD2324F749B}.Release|x64.ActiveCfg = Release|Any CPU
		{A4F0FECE-2AE9-439C-8A6E-1AD2324F749B}.Release|x64.Build.0 = Release|Any CPU
		{A4F0FECE-2AE9-439C-8A6E-1AD2324F749B}.Release|x86.ActiveCfg = Release|Any CPU
		{A4F0FECE-2AE9-439C-8A6E-1AD2324F749B}.Release|x86.Build.0 = Release|Any CPU
		{FB953EBD-3D61-485F-B49C-E323D95ADDCD}.Debug|Any CPU.ActiveCfg = Debug|Any CPU
		{FB953EBD-3D61-485F-B49C-E323D95ADDCD}.Debug|Any CPU.Build.0 = Debug|Any CPU
		{FB953EBD-3D61-485F-B49C-E323D95ADDCD}.Debug|x64.ActiveCfg = Debug|Any CPU
		{FB953EBD-3D61-485F-B49C-E323D95ADDCD}.Debug|x64.Build.0 = Debug|Any CPU
		{FB953EBD-3D61-485F-B49C-E323D95ADDCD}.Debug|x86.ActiveCfg = Debug|Any CPU
		{FB953EBD-3D61-485F-B49C-E323D95ADDCD}.Debug|x86.Build.0 = Debug|Any CPU
		{FB953EBD-3D61-485F-B49C-E323D95ADDCD}.Release|Any CPU.ActiveCfg = Release|Any CPU
		{FB953EBD-3D61-485F-B49C-E323D95ADDCD}.Release|Any CPU.Build.0 = Release|Any CPU
		{FB953EBD-3D61-485F-B49C-E323D95ADDCD}.Release|x64.ActiveCfg = Release|Any CPU
		{FB953EBD-3D61-485F-B49C-E323D95ADDCD}.Release|x64.Build.0 = Release|Any CPU
		{FB953EBD-3D61-485F-B49C-E323D95ADDCD}.Release|x86.ActiveCfg = Release|Any CPU
		{FB953EBD-3D61-485F-B49C-E323D95ADDCD}.Release|x86.Build.0 = Release|Any CPU
		{5221F305-E032-4957-B9E5-7EBCC472B5C2}.Debug|Any CPU.ActiveCfg = Debug|Any CPU
		{5221F305-E032-4957-B9E5-7EBCC472B5C2}.Debug|Any CPU.Build.0 = Debug|Any CPU
		{5221F305-E032-4957-B9E5-7EBCC472B5C2}.Debug|x64.ActiveCfg = Debug|Any CPU
		{5221F305-E032-4957-B9E5-7EBCC472B5C2}.Debug|x64.Build.0 = Debug|Any CPU
		{5221F305-E032-4957-B9E5-7EBCC472B5C2}.Debug|x86.ActiveCfg = Debug|Any CPU
		{5221F305-E032-4957-B9E5-7EBCC472B5C2}.Debug|x86.Build.0 = Debug|Any CPU
		{5221F305-E032-4957-B9E5-7EBCC472B5C2}.Release|Any CPU.ActiveCfg = Release|Any CPU
		{5221F305-E032-4957-B9E5-7EBCC472B5C2}.Release|Any CPU.Build.0 = Release|Any CPU
		{5221F305-E032-4957-B9E5-7EBCC472B5C2}.Release|x64.ActiveCfg = Release|Any CPU
		{5221F305-E032-4957-B9E5-7EBCC472B5C2}.Release|x64.Build.0 = Release|Any CPU
		{5221F305-E032-4957-B9E5-7EBCC472B5C2}.Release|x86.ActiveCfg = Release|Any CPU
		{5221F305-E032-4957-B9E5-7EBCC472B5C2}.Release|x86.Build.0 = Release|Any CPU
		{F84BA100-1282-4366-B2CA-16DA4A29A223}.Debug|Any CPU.ActiveCfg = Debug|Any CPU
		{F84BA100-1282-4366-B2CA-16DA4A29A223}.Debug|Any CPU.Build.0 = Debug|Any CPU
		{F84BA100-1282-4366-B2CA-16DA4A29A223}.Debug|x64.ActiveCfg = Debug|Any CPU
		{F84BA100-1282-4366-B2CA-16DA4A29A223}.Debug|x64.Build.0 = Debug|Any CPU
		{F84BA100-1282-4366-B2CA-16DA4A29A223}.Debug|x86.ActiveCfg = Debug|Any CPU
		{F84BA100-1282-4366-B2CA-16DA4A29A223}.Debug|x86.Build.0 = Debug|Any CPU
		{F84BA100-1282-4366-B2CA-16DA4A29A223}.Release|Any CPU.ActiveCfg = Release|Any CPU
		{F84BA100-1282-4366-B2CA-16DA4A29A223}.Release|Any CPU.Build.0 = Release|Any CPU
		{F84BA100-1282-4366-B2CA-16DA4A29A223}.Release|x64.ActiveCfg = Release|Any CPU
		{F84BA100-1282-4366-B2CA-16DA4A29A223}.Release|x64.Build.0 = Release|Any CPU
		{F84BA100-1282-4366-B2CA-16DA4A29A223}.Release|x86.ActiveCfg = Release|Any CPU
		{F84BA100-1282-4366-B2CA-16DA4A29A223}.Release|x86.Build.0 = Release|Any CPU
	EndGlobalSection
	GlobalSection(SolutionProperties) = preSolution
		HideSolutionNode = FALSE
	EndGlobalSection
	GlobalSection(NestedProjects) = preSolution
		{DCF5A93B-6E60-803B-48E2-2ACE44E4DC49} = {B0C80DBB-5C3C-473D-826A-94F2C64DF445}
		{05BC1E0B-1028-B6A7-D6C8-4DB64EB06692} = {B0C80DBB-5C3C-473D-826A-94F2C64DF445}
		{A1B2C3D4-1111-2222-3333-444455556666} = {B0C80DBB-5C3C-473D-826A-94F2C64DF445}
		{A1B2C3D4-1111-2222-3333-444455557777} = {B0C80DBB-5C3C-473D-826A-94F2C64DF445}
		{CD9A831B-4D99-4835-8FEA-32DD21E1655D} = {8C6A0E11-9D59-4BD4-B6CD-7ABFFA9B8C5C}
		{D9F8E34A-3872-DBF6-5D48-6B9544EB990E} = {B0C80DBB-5C3C-473D-826A-94F2C64DF445}
		{6827F50E-BF2A-4F1B-B465-54A6A023E9D0} = {8C6A0E11-9D59-4BD4-B6CD-7ABFFA9B8C5C}
		{58789D5C-1624-4FC2-AC1A-3E5F6566E0F6} = {8C6A0E11-9D59-4BD4-B6CD-7ABFFA9B8C5C}
		{A4F0FECE-2AE9-439C-8A6E-1AD2324F749B} = {8C6A0E11-9D59-4BD4-B6CD-7ABFFA9B8C5C}
		{FB953EBD-3D61-485F-B49C-E323D95ADDCD} = {A940B223-3D3E-46D3-9996-B66E29F72470}
		{5221F305-E032-4957-B9E5-7EBCC472B5C2} = {A940B223-3D3E-46D3-9996-B66E29F72470}
		{F84BA100-1282-4366-B2CA-16DA4A29A223} = {4FD5FBA0-2B6D-9AF0-80AB-924D53C1394D}
	EndGlobalSection
	GlobalSection(ExtensibilityGlobals) = postSolution
		SolutionGuid = {88B4FFF2-7024-4361-A20E-44DF9CA67B1F}
	EndGlobalSection
EndGlobal
