Microsoft Visual Studio Solution File, Format Version 12.00
# Visual Studio Version 18
VisualStudioVersion = 18.1.11312.151
MinimumVisualStudioVersion = 10.0.40219.1
Project("{FAE04EC0-301F-11D3-BF4B-00C04F79EFBC}") = "OpenAgent", "OpenAgent\OpenAgent.csproj", "{DCF5A93B-6E60-803B-48E2-2ACE44E4DC49}"
EndProject
Project("{FAE04EC0-301F-11D3-BF4B-00C04F79EFBC}") = "OpenAgent.Tests", "OpenAgent.Tests\OpenAgent.Tests.csproj", "{05BC1E0B-1028-B6A7-D6C8-4DB64EB06692}"
EndProject
Project("{FAE04EC0-301F-11D3-BF4B-00C04F79EFBC}") = "OpenAgent.Models", "OpenAgent.Models\OpenAgent.Models.csproj", "{A1B2C3D4-1111-2222-3333-444455556666}"
EndProject
Project("{FAE04EC0-301F-11D3-BF4B-00C04F79EFBC}") = "OpenAgent.Contracts", "OpenAgent.Contracts\OpenAgent.Contracts.csproj", "{A1B2C3D4-1111-2222-3333-444455557777}"
EndProject
Project("{2150E333-8FDC-42A3-9474-1A3956D46DE8}") = "Providers", "Providers", "{974E95D9-BDC5-4DE6-9971-A1F055AB9003}"
EndProject
Project("{2150E333-8FDC-42A3-9474-1A3956D46DE8}") = "Core", "Core", "{B0C80DBB-5C3C-473D-826A-94F2C64DF445}"
EndProject
Project("{2150E333-8FDC-42A3-9474-1A3956D46DE8}") = "Tests", "Tests", "{4D3BE3ED-DF72-4516-AD0C-D56FAF07D347}"
EndProject
Project("{FAE04EC0-301F-11D3-BF4B-00C04F79EFBC}") = "ConversationStore.InMemory", "ConversationStore.InMemory\ConversationStore.InMemory.csproj", "{ACC6C0E2-52D1-F1EE-5C69-46A15A767A5E}"
EndProject
Global
	GlobalSection(SolutionConfigurationPlatforms) = preSolution
		Debug|Any CPU = Debug|Any CPU
		Release|Any CPU = Release|Any CPU
	EndGlobalSection
	GlobalSection(ProjectConfigurationPlatforms) = postSolution
		{DCF5A93B-6E60-803B-48E2-2ACE44E4DC49}.Debug|Any CPU.ActiveCfg = Debug|Any CPU
		{DCF5A93B-6E60-803B-48E2-2ACE44E4DC49}.Debug|Any CPU.Build.0 = Debug|Any CPU
		{DCF5A93B-6E60-803B-48E2-2ACE44E4DC49}.Release|Any CPU.ActiveCfg = Release|Any CPU
		{DCF5A93B-6E60-803B-48E2-2ACE44E4DC49}.Release|Any CPU.Build.0 = Release|Any CPU
		{05BC1E0B-1028-B6A7-D6C8-4DB64EB06692}.Debug|Any CPU.ActiveCfg = Debug|Any CPU
		{05BC1E0B-1028-B6A7-D6C8-4DB64EB06692}.Debug|Any CPU.Build.0 = Debug|Any CPU
		{05BC1E0B-1028-B6A7-D6C8-4DB64EB06692}.Release|Any CPU.ActiveCfg = Release|Any CPU
		{05BC1E0B-1028-B6A7-D6C8-4DB64EB06692}.Release|Any CPU.Build.0 = Release|Any CPU
		{A1B2C3D4-1111-2222-3333-444455556666}.Debug|Any CPU.ActiveCfg = Debug|Any CPU
		{A1B2C3D4-1111-2222-3333-444455556666}.Debug|Any CPU.Build.0 = Debug|Any CPU
		{A1B2C3D4-1111-2222-3333-444455556666}.Release|Any CPU.ActiveCfg = Release|Any CPU
		{A1B2C3D4-1111-2222-3333-444455556666}.Release|Any CPU.Build.0 = Release|Any CPU
		{A1B2C3D4-1111-2222-3333-444455557777}.Debug|Any CPU.ActiveCfg = Debug|Any CPU
		{A1B2C3D4-1111-2222-3333-444455557777}.Debug|Any CPU.Build.0 = Debug|Any CPU
		{A1B2C3D4-1111-2222-3333-444455557777}.Release|Any CPU.ActiveCfg = Release|Any CPU
		{A1B2C3D4-1111-2222-3333-444455557777}.Release|Any CPU.Build.0 = Release|Any CPU
		{ACC6C0E2-52D1-F1EE-5C69-46A15A767A5E}.Debug|Any CPU.ActiveCfg = Debug|Any CPU
		{ACC6C0E2-52D1-F1EE-5C69-46A15A767A5E}.Debug|Any CPU.Build.0 = Debug|Any CPU
		{ACC6C0E2-52D1-F1EE-5C69-46A15A767A5E}.Release|Any CPU.ActiveCfg = Release|Any CPU
		{ACC6C0E2-52D1-F1EE-5C69-46A15A767A5E}.Release|Any CPU.Build.0 = Release|Any CPU
	EndGlobalSection
	GlobalSection(SolutionProperties) = preSolution
		HideSolutionNode = FALSE
	EndGlobalSection
	GlobalSection(NestedProjects) = preSolution
		{05BC1E0B-1028-B6A7-D6C8-4DB64EB06692} = {4D3BE3ED-DF72-4516-AD0C-D56FAF07D347}
		{A1B2C3D4-1111-2222-3333-444455556666} = {B0C80DBB-5C3C-473D-826A-94F2C64DF445}
		{A1B2C3D4-1111-2222-3333-444455557777} = {B0C80DBB-5C3C-473D-826A-94F2C64DF445}
		{ACC6C0E2-52D1-F1EE-5C69-46A15A767A5E} = {974E95D9-BDC5-4DE6-9971-A1F055AB9003}
	EndGlobalSection
	GlobalSection(ExtensibilityGlobals) = postSolution
		SolutionGuid = {88B4FFF2-7024-4361-A20E-44DF9CA67B1F}
	EndGlobalSection
EndGlobal
